
Microsoft Visual Studio Solution File, Format Version 12.00
# Visual Studio Version 17
VisualStudioVersion = 17.8.34316.72
MinimumVisualStudioVersion = 10.0.40219.1
Project("{FAE04EC0-301F-11D3-BF4B-00C04F79EFBC}") = "Proje01_OOP_Intro", "Proje01_OOP_Intro.csproj", "{4FC77233-2F3E-46CF-B882-936C8DE4EB44}"
EndProject
Global
	GlobalSection(SolutionConfigurationPlatforms) = preSolution
		Debug|Any CPU = Debug|Any CPU
		Release|Any CPU = Release|Any CPU
	EndGlobalSection
	GlobalSection(ProjectConfigurationPlatforms) = postSolution
		{4FC77233-2F3E-46CF-B882-936C8DE4EB44}.Debug|Any CPU.ActiveCfg = Debug|Any CPU
		{4FC77233-2F3E-46CF-B882-936C8DE4EB44}.Debug|Any CPU.Build.0 = Debug|Any CPU
		{4FC77233-2F3E-46CF-B882-936C8DE4EB44}.Release|Any CPU.ActiveCfg = Release|Any CPU
		{4FC77233-2F3E-46CF-B882-936C8DE4EB44}.Release|Any CPU.Build.0 = Release|Any CPU
	EndGlobalSection
	GlobalSection(SolutionProperties) = preSolution
		HideSolutionNode = FALSE
	EndGlobalSection
	GlobalSection(ExtensibilityGlobals) = postSolution
		SolutionGuid = {1E2401F0-A029-4BF5-88FB-C9A465FD698B}
	EndGlobalSection
EndGlobal
