
Microsoft Visual Studio Solution File, Format Version 12.00
# Visual Studio Version 17
VisualStudioVersion = 17.8.34330.188
MinimumVisualStudioVersion = 10.0.40219.1
Project("{FAE04EC0-301F-11D3-BF4B-00C04F79EFBC}") = "Proje01_FirstMVCApp", "Proje01_FirstMVCApp\Proje01_FirstMVCApp.csproj", "{0948E32B-4CAE-4E28-9063-9D032ED869F3}"
EndProject
Global
	GlobalSection(SolutionConfigurationPlatforms) = preSolution
		Debug|Any CPU = Debug|Any CPU
		Release|Any CPU = Release|Any CPU
	EndGlobalSection
	GlobalSection(ProjectConfigurationPlatforms) = postSolution
		{0948E32B-4CAE-4E28-9063-9D032ED869F3}.Debug|Any CPU.ActiveCfg = Debug|Any CPU
		{0948E32B-4CAE-4E28-9063-9D032ED869F3}.Debug|Any CPU.Build.0 = Debug|Any CPU
		{0948E32B-4CAE-4E28-9063-9D032ED869F3}.Release|Any CPU.ActiveCfg = Release|Any CPU
		{0948E32B-4CAE-4E28-9063-9D032ED869F3}.Release|Any CPU.Build.0 = Release|Any CPU
	EndGlobalSection
	GlobalSection(SolutionProperties) = preSolution
		HideSolutionNode = FALSE
	EndGlobalSection
	GlobalSection(ExtensibilityGlobals) = postSolution
		SolutionGuid = {807BAA4C-96F6-4B8D-9D0E-4B32A9439A45}
	EndGlobalSection
EndGlobal
