
Microsoft Visual Studio Solution File, Format Version 12.00
# Visual Studio Version 17
VisualStudioVersion = 17.8.34316.72
MinimumVisualStudioVersion = 10.0.40219.1
Project("{FAE04EC0-301F-11D3-BF4B-00C04F79EFBC}") = "Proje02_Classes", "Proje02_Classes.csproj", "{65CC5921-7D71-4962-856E-74B11D10E904}"
EndProject
Global
	GlobalSection(SolutionConfigurationPlatforms) = preSolution
		Debug|Any CPU = Debug|Any CPU
		Release|Any CPU = Release|Any CPU
	EndGlobalSection
	GlobalSection(ProjectConfigurationPlatforms) = postSolution
		{65CC5921-7D71-4962-856E-74B11D10E904}.Debug|Any CPU.ActiveCfg = Debug|Any CPU
		{65CC5921-7D71-4962-856E-74B11D10E904}.Debug|Any CPU.Build.0 = Debug|Any CPU
		{65CC5921-7D71-4962-856E-74B11D10E904}.Release|Any CPU.ActiveCfg = Release|Any CPU
		{65CC5921-7D71-4962-856E-74B11D10E904}.Release|Any CPU.Build.0 = Release|Any CPU
	EndGlobalSection
	GlobalSection(SolutionProperties) = preSolution
		HideSolutionNode = FALSE
	EndGlobalSection
	GlobalSection(ExtensibilityGlobals) = postSolution
		SolutionGuid = {E7025DFF-07A5-4313-A125-8A4F1C10BF4F}
	EndGlobalSection
EndGlobal
