
Microsoft Visual Studio Solution File, Format Version 12.00
# Visual Studio Version 17
VisualStudioVersion = 17.8.34316.72
MinimumVisualStudioVersion = 10.0.40219.1
Project("{FAE04EC0-301F-11D3-BF4B-00C04F79EFBC}") = "Project02_Intro", "Project02_Intro.csproj", "{09EA4CC2-51CC-4C33-83BC-6985CA43C7EE}"
EndProject
Global
	GlobalSection(SolutionConfigurationPlatforms) = preSolution
		Debug|Any CPU = Debug|Any CPU
		Release|Any CPU = Release|Any CPU
	EndGlobalSection
	GlobalSection(ProjectConfigurationPlatforms) = postSolution
		{09EA4CC2-51CC-4C33-83BC-6985CA43C7EE}.Debug|Any CPU.ActiveCfg = Debug|Any CPU
		{09EA4CC2-51CC-4C33-83BC-6985CA43C7EE}.Debug|Any CPU.Build.0 = Debug|Any CPU
		{09EA4CC2-51CC-4C33-83BC-6985CA43C7EE}.Release|Any CPU.ActiveCfg = Release|Any CPU
		{09EA4CC2-51CC-4C33-83BC-6985CA43C7EE}.Release|Any CPU.Build.0 = Release|Any CPU
	EndGlobalSection
	GlobalSection(SolutionProperties) = preSolution
		HideSolutionNode = FALSE
	EndGlobalSection
	GlobalSection(ExtensibilityGlobals) = postSolution
		SolutionGuid = {CBCC9BA3-CD10-4541-8310-159A3877B8A1}
	EndGlobalSection
EndGlobal
